// !$*UTF8*$!
{
	archiveVersion = 1;
	classes = {
	};
	objectVersion = 46;
	objects = {

/* Begin PBXBuildFile section */
		721A6F95199548B700CE075C /* Foundation.framework in Frameworks */ = {isa = PBXBuildFile; fileRef = 721A6F94199548B700CE075C /* Foundation.framework */; };
		721A6F97199548B700CE075C /* CoreGraphics.framework in Frameworks */ = {isa = PBXBuildFile; fileRef = 721A6F96199548B700CE075C /* CoreGraphics.framework */; };
		721A6F99199548B700CE075C /* UIKit.framework in Frameworks */ = {isa = PBXBuildFile; fileRef = 721A6F98199548B700CE075C /* UIKit.framework */; };
		721A6F9F199548B700CE075C /* InfoPlist.strings in Resources */ = {isa = PBXBuildFile; fileRef = 721A6F9D199548B700CE075C /* InfoPlist.strings */; };
		721A6FA1199548B700CE075C /* main.m in Sources */ = {isa = PBXBuildFile; fileRef = 721A6FA0199548B700CE075C /* main.m */; };
		721A6FA5199548B700CE075C /* AppDelegate.m in Sources */ = {isa = PBXBuildFile; fileRef = 721A6FA4199548B700CE075C /* AppDelegate.m */; };
		721A6FA8199548B700CE075C /* Main.storyboard in Resources */ = {isa = PBXBuildFile; fileRef = 721A6FA6199548B700CE075C /* Main.storyboard */; };
		721A6FAB199548B700CE075C /* ViewController.m in Sources */ = {isa = PBXBuildFile; fileRef = 721A6FAA199548B700CE075C /* ViewController.m */; };
		721A6FAD199548B700CE075C /* Images.xcassets in Resources */ = {isa = PBXBuildFile; fileRef = 721A6FAC199548B700CE075C /* Images.xcassets */; };
		721A6FB4199548B700CE075C /* XCTest.framework in Frameworks */ = {isa = PBXBuildFile; fileRef = 721A6FB3199548B700CE075C /* XCTest.framework */; };
		721A6FB5199548B700CE075C /* Foundation.framework in Frameworks */ = {isa = PBXBuildFile; fileRef = 721A6F94199548B700CE075C /* Foundation.framework */; };
		721A6FB6199548B700CE075C /* UIKit.framework in Frameworks */ = {isa = PBXBuildFile; fileRef = 721A6F98199548B700CE075C /* UIKit.framework */; };
		721A6FBE199548B700CE075C /* InfoPlist.strings in Resources */ = {isa = PBXBuildFile; fileRef = 721A6FBC199548B700CE075C /* InfoPlist.strings */; };
		721A6FC0199548B700CE075C /* GalleryTests.m in Sources */ = {isa = PBXBuildFile; fileRef = 721A6FBF199548B700CE075C /* GalleryTests.m */; };
/* End PBXBuildFile section */

/* Begin PBXContainerItemProxy section */
		721A6FB7199548B700CE075C /* PBXContainerItemProxy */ = {
			isa = PBXContainerItemProxy;
			containerPortal = 721A6F89199548B700CE075C /* Project object */;
			proxyType = 1;
			remoteGlobalIDString = 721A6F90199548B700CE075C;
			remoteInfo = Gallery;
		};
/* End PBXContainerItemProxy section */

/* Begin PBXFileReference section */
		721A6F91199548B700CE075C /* Gallery.app */ = {isa = PBXFileReference; explicitFileType = wrapper.application; includeInIndex = 0; path = Gallery.app; sourceTree = BUILT_PRODUCTS_DIR; };
		721A6F94199548B700CE075C /* Foundation.framework */ = {isa = PBXFileReference; lastKnownFileType = wrapper.framework; name = Foundation.framework; path = System/Library/Frameworks/Foundation.framework; sourceTree = SDKROOT; };
		721A6F96199548B700CE075C /* CoreGraphics.framework */ = {isa = PBXFileReference; lastKnownFileType = wrapper.framework; name = CoreGraphics.framework; path = System/Library/Frameworks/CoreGraphics.framework; sourceTree = SDKROOT; };
		721A6F98199548B700CE075C /* UIKit.framework */ = {isa = PBXFileReference; lastKnownFileType = wrapper.framework; name = UIKit.framework; path = System/Library/Frameworks/UIKit.framework; sourceTree = SDKROOT; };
		721A6F9C199548B700CE075C /* Gallery-Info.plist */ = {isa = PBXFileReference; lastKnownFileType = text.plist.xml; path = "Gallery-Info.plist"; sourceTree = "<group>"; };
		721A6F9E199548B700CE075C /* en */ = {isa = PBXFileReference; lastKnownFileType = text.plist.strings; name = en; path = en.lproj/InfoPlist.strings; sourceTree = "<group>"; };
		721A6FA0199548B700CE075C /* main.m */ = {isa = PBXFileReference; lastKnownFileType = sourcecode.c.objc; path = main.m; sourceTree = "<group>"; };
		721A6FA2199548B700CE075C /* Gallery-Prefix.pch */ = {isa = PBXFileReference; lastKnownFileType = sourcecode.c.h; path = "Gallery-Prefix.pch"; sourceTree = "<group>"; };
		721A6FA3199548B700CE075C /* AppDelegate.h */ = {isa = PBXFileReference; lastKnownFileType = sourcecode.c.h; path = AppDelegate.h; sourceTree = "<group>"; };
		721A6FA4199548B700CE075C /* AppDelegate.m */ = {isa = PBXFileReference; lastKnownFileType = sourcecode.c.objc; path = AppDelegate.m; sourceTree = "<group>"; };
		721A6FA7199548B700CE075C /* Base */ = {isa = PBXFileReference; lastKnownFileType = file.storyboard; name = Base; path = Base.lproj/Main.storyboard; sourceTree = "<group>"; };
		721A6FA9199548B700CE075C /* ViewController.h */ = {isa = PBXFileReference; lastKnownFileType = sourcecode.c.h; path = ViewController.h; sourceTree = "<group>"; };
		721A6FAA199548B700CE075C /* ViewController.m */ = {isa = PBXFileReference; lastKnownFileType = sourcecode.c.objc; path = ViewController.m; sourceTree = "<group>"; };
		721A6FAC199548B700CE075C /* Images.xcassets */ = {isa = PBXFileReference; lastKnownFileType = folder.assetcatalog; path = Images.xcassets; sourceTree = "<group>"; };
		721A6FB2199548B700CE075C /* GalleryTests.xctest */ = {isa = PBXFileReference; explicitFileType = wrapper.cfbundle; includeInIndex = 0; path = GalleryTests.xctest; sourceTree = BUILT_PRODUCTS_DIR; };
		721A6FB3199548B700CE075C /* XCTest.framework */ = {isa = PBXFileReference; lastKnownFileType = wrapper.framework; name = XCTest.framework; path = Library/Frameworks/XCTest.framework; sourceTree = DEVELOPER_DIR; };
		721A6FBB199548B700CE075C /* GalleryTests-Info.plist */ = {isa = PBXFileReference; lastKnownFileType = text.plist.xml; path = "GalleryTests-Info.plist"; sourceTree = "<group>"; };
		721A6FBD199548B700CE075C /* en */ = {isa = PBXFileReference; lastKnownFileType = text.plist.strings; name = en; path = en.lproj/InfoPlist.strings; sourceTree = "<group>"; };
		721A6FBF199548B700CE075C /* GalleryTests.m */ = {isa = PBXFileReference; lastKnownFileType = sourcecode.c.objc; path = GalleryTests.m; sourceTree = "<group>"; };
/* End PBXFileReference section */

/* Begin PBXFrameworksBuildPhase section */
		721A6F8E199548B700CE075C /* Frameworks */ = {
			isa = PBXFrameworksBuildPhase;
			buildActionMask = 2147483647;
			files = (
				721A6F97199548B700CE075C /* CoreGraphics.framework in Frameworks */,
				721A6F99199548B700CE075C /* UIKit.framework in Frameworks */,
				721A6F95199548B700CE075C /* Foundation.framework in Frameworks */,
			);
			runOnlyForDeploymentPostprocessing = 0;
		};
		721A6FAF199548B700CE075C /* Frameworks */ = {
			isa = PBXFrameworksBuildPhase;
			buildActionMask = 2147483647;
			files = (
				721A6FB4199548B700CE075C /* XCTest.framework in Frameworks */,
				721A6FB6199548B700CE075C /* UIKit.framework in Frameworks */,
				721A6FB5199548B700CE075C /* Foundation.framework in Frameworks */,
			);
			runOnlyForDeploymentPostprocessing = 0;
		};
/* End PBXFrameworksBuildPhase section */

/* Begin PBXGroup section */
		721A6F88199548B700CE075C = {
			isa = PBXGroup;
			children = (
				721A6F9A199548B700CE075C /* Gallery */,
				721A6FB9199548B700CE075C /* GalleryTests */,
				721A6F93199548B700CE075C /* Frameworks */,
				721A6F92199548B700CE075C /* Products */,
			);
			sourceTree = "<group>";
		};
		721A6F92199548B700CE075C /* Products */ = {
			isa = PBXGroup;
			children = (
				721A6F91199548B700CE075C /* Gallery.app */,
				721A6FB2199548B700CE075C /* GalleryTests.xctest */,
			);
			name = Products;
			sourceTree = "<group>";
		};
		721A6F93199548B700CE075C /* Frameworks */ = {
			isa = PBXGroup;
			children = (
				721A6F94199548B700CE075C /* Foundation.framework */,
				721A6F96199548B700CE075C /* CoreGraphics.framework */,
				721A6F98199548B700CE075C /* UIKit.framework */,
				721A6FB3199548B700CE075C /* XCTest.framework */,
			);
			name = Frameworks;
			sourceTree = "<group>";
		};
		721A6F9A199548B700CE075C /* Gallery */ = {
			isa = PBXGroup;
			children = (
				721A6FA3199548B700CE075C /* AppDelegate.h */,
				721A6FA4199548B700CE075C /* AppDelegate.m */,
				721A6FA6199548B700CE075C /* Main.storyboard */,
				721A6FA9199548B700CE075C /* ViewController.h */,
				721A6FAA199548B700CE075C /* ViewController.m */,
				721A6FAC199548B700CE075C /* Images.xcassets */,
				721A6F9B199548B700CE075C /* Supporting Files */,
			);
			path = Gallery;
			sourceTree = "<group>";
		};
		721A6F9B199548B700CE075C /* Supporting Files */ = {
			isa = PBXGroup;
			children = (
				721A6F9C199548B700CE075C /* Gallery-Info.plist */,
				721A6F9D199548B700CE075C /* InfoPlist.strings */,
				721A6FA0199548B700CE075C /* main.m */,
				721A6FA2199548B700CE075C /* Gallery-Prefix.pch */,
			);
			name = "Supporting Files";
			sourceTree = "<group>";
		};
		721A6FB9199548B700CE075C /* GalleryTests */ = {
			isa = PBXGroup;
			children = (
				721A6FBF199548B700CE075C /* GalleryTests.m */,
				721A6FBA199548B700CE075C /* Supporting Files */,
			);
			path = GalleryTests;
			sourceTree = "<group>";
		};
		721A6FBA199548B700CE075C /* Supporting Files */ = {
			isa = PBXGroup;
			children = (
				721A6FBB199548B700CE075C /* GalleryTests-Info.plist */,
				721A6FBC199548B700CE075C /* InfoPlist.strings */,
			);
			name = "Supporting Files";
			sourceTree = "<group>";
		};
/* End PBXGroup section */

/* Begin PBXNativeTarget section */
		721A6F90199548B700CE075C /* Gallery */ = {
			isa = PBXNativeTarget;
			buildConfigurationList = 721A6FC3199548B700CE075C /* Build configuration list for PBXNativeTarget "Gallery" */;
			buildPhases = (
				721A6F8D199548B700CE075C /* Sources */,
				721A6F8E199548B700CE075C /* Frameworks */,
				721A6F8F199548B700CE075C /* Resources */,
			);
			buildRules = (
			);
			dependencies = (
			);
			name = Gallery;
			productName = Gallery;
			productReference = 721A6F91199548B700CE075C /* Gallery.app */;
			productType = "com.apple.product-type.application";
		};
		721A6FB1199548B700CE075C /* GalleryTests */ = {
			isa = PBXNativeTarget;
			buildConfigurationList = 721A6FC6199548B700CE075C /* Build configuration list for PBXNativeTarget "GalleryTests" */;
			buildPhases = (
				721A6FAE199548B700CE075C /* Sources */,
				721A6FAF199548B700CE075C /* Frameworks */,
				721A6FB0199548B700CE075C /* Resources */,
			);
			buildRules = (
			);
			dependencies = (
				721A6FB8199548B700CE075C /* PBXTargetDependency */,
			);
			name = GalleryTests;
			productName = GalleryTests;
			productReference = 721A6FB2199548B700CE075C /* GalleryTests.xctest */;
			productType = "com.apple.product-type.bundle.unit-test";
		};
/* End PBXNativeTarget section */

/* Begin PBXProject section */
		721A6F89199548B700CE075C /* Project object */ = {
			isa = PBXProject;
			attributes = {
				LastUpgradeCheck = 0510;
				ORGANIZATIONNAME = "Marcelo Busico";
				TargetAttributes = {
					721A6FB1199548B700CE075C = {
						TestTargetID = 721A6F90199548B700CE075C;
					};
				};
			};
			buildConfigurationList = 721A6F8C199548B700CE075C /* Build configuration list for PBXProject "Gallery" */;
			compatibilityVersion = "Xcode 3.2";
			developmentRegion = English;
			hasScannedForEncodings = 0;
			knownRegions = (
				en,
				Base,
			);
			mainGroup = 721A6F88199548B700CE075C;
			productRefGroup = 721A6F92199548B700CE075C /* Products */;
			projectDirPath = "";
			projectRoot = "";
			targets = (
				721A6F90199548B700CE075C /* Gallery */,
				721A6FB1199548B700CE075C /* GalleryTests */,
			);
		};
/* End PBXProject section */

/* Begin PBXResourcesBuildPhase section */
		721A6F8F199548B700CE075C /* Resources */ = {
			isa = PBXResourcesBuildPhase;
			buildActionMask = 2147483647;
			files = (
				721A6FAD199548B700CE075C /* Images.xcassets in Resources */,
				721A6F9F199548B700CE075C /* InfoPlist.strings in Resources */,
				721A6FA8199548B700CE075C /* Main.storyboard in Resources */,
			);
			runOnlyForDeploymentPostprocessing = 0;
		};
		721A6FB0199548B700CE075C /* Resources */ = {
			isa = PBXResourcesBuildPhase;
			buildActionMask = 2147483647;
			files = (
				721A6FBE199548B700CE075C /* InfoPlist.strings in Resources */,
			);
			runOnlyForDeploymentPostprocessing = 0;
		};
/* End PBXResourcesBuildPhase section */

/* Begin PBXSourcesBuildPhase section */
		721A6F8D199548B700CE075C /* Sources */ = {
			isa = PBXSourcesBuildPhase;
			buildActionMask = 2147483647;
			files = (
				721A6FAB199548B700CE075C /* ViewController.m in Sources */,
				721A6FA5199548B700CE075C /* AppDelegate.m in Sources */,
				721A6FA1199548B700CE075C /* main.m in Sources */,
			);
			runOnlyForDeploymentPostprocessing = 0;
		};
		721A6FAE199548B700CE075C /* Sources */ = {
			isa = PBXSourcesBuildPhase;
			buildActionMask = 2147483647;
			files = (
				721A6FC0199548B700CE075C /* GalleryTests.m in Sources */,
			);
			runOnlyForDeploymentPostprocessing = 0;
		};
/* End PBXSourcesBuildPhase section */

/* Begin PBXTargetDependency section */
		721A6FB8199548B700CE075C /* PBXTargetDependency */ = {
			isa = PBXTargetDependency;
			target = 721A6F90199548B700CE075C /* Gallery */;
			targetProxy = 721A6FB7199548B700CE075C /* PBXContainerItemProxy */;
		};
/* End PBXTargetDependency section */

/* Begin PBXVariantGroup section */
		721A6F9D199548B700CE075C /* InfoPlist.strings */ = {
			isa = PBXVariantGroup;
			children = (
				721A6F9E199548B700CE075C /* en */,
			);
			name = InfoPlist.strings;
			sourceTree = "<group>";
		};
		721A6FA6199548B700CE075C /* Main.storyboard */ = {
			isa = PBXVariantGroup;
			children = (
				721A6FA7199548B700CE075C /* Base */,
			);
			name = Main.storyboard;
			sourceTree = "<group>";
		};
		721A6FBC199548B700CE075C /* InfoPlist.strings */ = {
			isa = PBXVariantGroup;
			children = (
				721A6FBD199548B700CE075C /* en */,
			);
			name = InfoPlist.strings;
			sourceTree = "<group>";
		};
/* End PBXVariantGroup section */

/* Begin XCBuildConfiguration section */
		721A6FC1199548B700CE075C /* Debug */ = {
			isa = XCBuildConfiguration;
			buildSettings = {
				ALWAYS_SEARCH_USER_PATHS = NO;
				CLANG_CXX_LANGUAGE_STANDARD = "gnu++0x";
				CLANG_CXX_LIBRARY = "libc++";
				CLANG_ENABLE_MODULES = YES;
				CLANG_ENABLE_OBJC_ARC = YES;
				CLANG_WARN_BOOL_CONVERSION = YES;
				CLANG_WARN_CONSTANT_CONVERSION = YES;
				CLANG_WARN_DIRECT_OBJC_ISA_USAGE = YES_ERROR;
				CLANG_WARN_EMPTY_BODY = YES;
				CLANG_WARN_ENUM_CONVERSION = YES;
				CLANG_WARN_INT_CONVERSION = YES;
				CLANG_WARN_OBJC_ROOT_CLASS = YES_ERROR;
				CLANG_WARN__DUPLICATE_METHOD_MATCH = YES;
				"CODE_SIGN_IDENTITY[sdk=iphoneos*]" = "iPhone Developer";
				COPY_PHASE_STRIP = NO;
				GCC_C_LANGUAGE_STANDARD = gnu99;
				GCC_DYNAMIC_NO_PIC = NO;
				GCC_OPTIMIZATION_LEVEL = 0;
				GCC_PREPROCESSOR_DEFINITIONS = (
					"DEBUG=1",
					"$(inherited)",
				);
				GCC_SYMBOLS_PRIVATE_EXTERN = NO;
				GCC_WARN_64_TO_32_BIT_CONVERSION = YES;
				GCC_WARN_ABOUT_RETURN_TYPE = YES_ERROR;
				GCC_WARN_UNDECLARED_SELECTOR = YES;
				GCC_WARN_UNINITIALIZED_AUTOS = YES_AGGRESSIVE;
				GCC_WARN_UNUSED_FUNCTION = YES;
				GCC_WARN_UNUSED_VARIABLE = YES;
				IPHONEOS_DEPLOYMENT_TARGET = 7.1;
				ONLY_ACTIVE_ARCH = YES;
				SDKROOT = iphoneos;
			};
			name = Debug;
		};
		721A6FC2199548B700CE075C /* Release */ = {
			isa = XCBuildConfiguration;
			buildSettings = {
				ALWAYS_SEARCH_USER_PATHS = NO;
				CLANG_CXX_LANGUAGE_STANDARD = "gnu++0x";
				CLANG_CXX_LIBRARY = "libc++";
				CLANG_ENABLE_MODULES = YES;
				CLANG_ENABLE_OBJC_ARC = YES;
				CLANG_WARN_BOOL_CONVERSION = YES;
				CLANG_WARN_CONSTANT_CONVERSION = YES;
				CLANG_WARN_DIRECT_OBJC_ISA_USAGE = YES_ERROR;
				CLANG_WARN_EMPTY_BODY = YES;
				CLANG_WARN_ENUM_CONVERSION = YES;
				CLANG_WARN_INT_CONVERSION = YES;
				CLANG_WARN_OBJC_ROOT_CLASS = YES_ERROR;
				CLANG_WARN__DUPLICATE_METHOD_MATCH = YES;
				"CODE_SIGN_IDENTITY[sdk=iphoneos*]" = "iPhone Developer";
				COPY_PHASE_STRIP = YES;
				ENABLE_NS_ASSERTIONS = NO;
				GCC_C_LANGUAGE_STANDARD = gnu99;
				GCC_WARN_64_TO_32_BIT_CONVERSION = YES;
				GCC_WARN_ABOUT_RETURN_TYPE = YES_ERROR;
				GCC_WARN_UNDECLARED_SELECTOR = YES;
				GCC_WARN_UNINITIALIZED_AUTOS = YES_AGGRESSIVE;
				GCC_WARN_UNUSED_FUNCTION = YES;
				GCC_WARN_UNUSED_VARIABLE = YES;
				IPHONEOS_DEPLOYMENT_TARGET = 7.1;
				SDKROOT = iphoneos;
				VALIDATE_PRODUCT = YES;
			};
			name = Release;
		};
		721A6FC4199548B700CE075C /* Debug */ = {
			isa = XCBuildConfiguration;
			buildSettings = {
				ASSETCATALOG_COMPILER_APPICON_NAME = AppIcon;
				ASSETCATALOG_COMPILER_LAUNCHIMAGE_NAME = LaunchImage;
				GCC_PRECOMPILE_PREFIX_HEADER = YES;
				GCC_PREFIX_HEADER = "Gallery/Gallery-Prefix.pch";
				INFOPLIST_FILE = "Gallery/Gallery-Info.plist";
				PRODUCT_NAME = "$(TARGET_NAME)";
				WRAPPER_EXTENSION = app;
			};
			name = Debug;
		};
		721A6FC5199548B700CE075C /* Release */ = {
			isa = XCBuildConfiguration;
			buildSettings = {
				ASSETCATALOG_COMPILER_APPICON_NAME = AppIcon;
				ASSETCATALOG_COMPILER_LAUNCHIMAGE_NAME = LaunchImage;
				GCC_PRECOMPILE_PREFIX_HEADER = YES;
				GCC_PREFIX_HEADER = "Gallery/Gallery-Prefix.pch";
				INFOPLIST_FILE = "Gallery/Gallery-Info.plist";
				PRODUCT_NAME = "$(TARGET_NAME)";
				WRAPPER_EXTENSION = app;
			};
			name = Release;
		};
		721A6FC7199548B700CE075C /* Debug */ = {
			isa = XCBuildConfiguration;
			buildSettings = {
				BUNDLE_LOADER = "$(BUILT_PRODUCTS_DIR)/Gallery.app/Gallery";
				FRAMEWORK_SEARCH_PATHS = (
					"$(SDKROOT)/Developer/Library/Frameworks",
					"$(inherited)",
					"$(DEVELOPER_FRAMEWORKS_DIR)",
				);
				GCC_PRECOMPILE_PREFIX_HEADER = YES;
				GCC_PREFIX_HEADER = "Gallery/Gallery-Prefix.pch";
				GCC_PREPROCESSOR_DEFINITIONS = (
					"DEBUG=1",
					"$(inherited)",
				);
				INFOPLIST_FILE = "GalleryTests/GalleryTests-Info.plist";
				PRODUCT_NAME = "$(TARGET_NAME)";
				TEST_HOST = "$(BUNDLE_LOADER)";
				WRAPPER_EXTENSION = xctest;
			};
			name = Debug;
		};
		721A6FC8199548B700CE075C /* Release */ = {
			isa = XCBuildConfiguration;
			buildSettings = {
				BUNDLE_LOADER = "$(BUILT_PRODUCTS_DIR)/Gallery.app/Gallery";
				FRAMEWORK_SEARCH_PATHS = (
					"$(SDKROOT)/Developer/Library/Frameworks",
					"$(inherited)",
					"$(DEVELOPER_FRAMEWORKS_DIR)",
				);
				GCC_PRECOMPILE_PREFIX_HEADER = YES;
				GCC_PREFIX_HEADER = "Gallery/Gallery-Prefix.pch";
				INFOPLIST_FILE = "GalleryTests/GalleryTests-Info.plist";
				PRODUCT_NAME = "$(TARGET_NAME)";
				TEST_HOST = "$(BUNDLE_LOADER)";
				WRAPPER_EXTENSION = xctest;
			};
			name = Release;
		};
/* End XCBuildConfiguration section */

/* Begin XCConfigurationList section */
		721A6F8C199548B700CE075C /* Build configuration list for PBXProject "Gallery" */ = {
			isa = XCConfigurationList;
			buildConfigurations = (
				721A6FC1199548B700CE075C /* Debug */,
				721A6FC2199548B700CE075C /* Release */,
			);
			defaultConfigurationIsVisible = 0;
			defaultConfigurationName = Release;
		};
		721A6FC3199548B700CE075C /* Build configuration list for PBXNativeTarget "Gallery" */ = {
			isa = XCConfigurationList;
			buildConfigurations = (
				721A6FC4199548B700CE075C /* Debug */,
				721A6FC5199548B700CE075C /* Release */,
			);
			defaultConfigurationIsVisible = 0;
		};
		721A6FC6199548B700CE075C /* Build configuration list for PBXNativeTarget "GalleryTests" */ = {
			isa = XCConfigurationList;
			buildConfigurations = (
				721A6FC7199548B700CE075C /* Debug */,
				721A6FC8199548B700CE075C /* Release */,
			);
			defaultConfigurationIsVisible = 0;
		};
/* End XCConfigurationList section */
	};
	rootObject = 721A6F89199548B700CE075C /* Project object */;
}
