// !$*UTF8*$!
{
	archiveVersion = 1;
	classes = {
	};
	objectVersion = 46;
	objects = {

/* Begin PBXBuildFile section */
		72029FFE19A3D3EC005267BA /* NSDictionary+ItemEntity.m in Sources */ = {isa = PBXBuildFile; fileRef = 72029FFD19A3D3EC005267BA /* NSDictionary+ItemEntity.m */; };
		7202A00119A3DA48005267BA /* MBProgressHUD.m in Sources */ = {isa = PBXBuildFile; fileRef = 7202A00019A3DA48005267BA /* MBProgressHUD.m */; };
		7202A02819A3E416005267BA /* AFHTTPRequestOperation.m in Sources */ = {isa = PBXBuildFile; fileRef = 7202A00419A3E416005267BA /* AFHTTPRequestOperation.m */; };
		7202A02919A3E416005267BA /* AFHTTPRequestOperationManager.m in Sources */ = {isa = PBXBuildFile; fileRef = 7202A00619A3E416005267BA /* AFHTTPRequestOperationManager.m */; };
		7202A02A19A3E416005267BA /* AFHTTPSessionManager.m in Sources */ = {isa = PBXBuildFile; fileRef = 7202A00819A3E416005267BA /* AFHTTPSessionManager.m */; };
		7202A02B19A3E416005267BA /* AFNetworkReachabilityManager.m in Sources */ = {isa = PBXBuildFile; fileRef = 7202A00B19A3E416005267BA /* AFNetworkReachabilityManager.m */; };
		7202A02C19A3E416005267BA /* AFSecurityPolicy.m in Sources */ = {isa = PBXBuildFile; fileRef = 7202A00D19A3E416005267BA /* AFSecurityPolicy.m */; };
		7202A02D19A3E416005267BA /* AFURLConnectionOperation.m in Sources */ = {isa = PBXBuildFile; fileRef = 7202A00F19A3E416005267BA /* AFURLConnectionOperation.m */; };
		7202A02E19A3E416005267BA /* AFURLRequestSerialization.m in Sources */ = {isa = PBXBuildFile; fileRef = 7202A01119A3E416005267BA /* AFURLRequestSerialization.m */; };
		7202A02F19A3E416005267BA /* AFURLResponseSerialization.m in Sources */ = {isa = PBXBuildFile; fileRef = 7202A01319A3E416005267BA /* AFURLResponseSerialization.m */; };
		7202A03019A3E416005267BA /* AFURLSessionManager.m in Sources */ = {isa = PBXBuildFile; fileRef = 7202A01519A3E416005267BA /* AFURLSessionManager.m */; };
		7202A03119A3E416005267BA /* AFNetworkActivityIndicatorManager.m in Sources */ = {isa = PBXBuildFile; fileRef = 7202A01819A3E416005267BA /* AFNetworkActivityIndicatorManager.m */; };
		7202A03219A3E416005267BA /* UIActivityIndicatorView+AFNetworking.m in Sources */ = {isa = PBXBuildFile; fileRef = 7202A01A19A3E416005267BA /* UIActivityIndicatorView+AFNetworking.m */; };
		7202A03319A3E416005267BA /* UIAlertView+AFNetworking.m in Sources */ = {isa = PBXBuildFile; fileRef = 7202A01C19A3E416005267BA /* UIAlertView+AFNetworking.m */; };
		7202A03419A3E416005267BA /* UIButton+AFNetworking.m in Sources */ = {isa = PBXBuildFile; fileRef = 7202A01E19A3E416005267BA /* UIButton+AFNetworking.m */; };
		7202A03519A3E416005267BA /* UIImageView+AFNetworking.m in Sources */ = {isa = PBXBuildFile; fileRef = 7202A02019A3E416005267BA /* UIImageView+AFNetworking.m */; };
		7202A03619A3E416005267BA /* UIProgressView+AFNetworking.m in Sources */ = {isa = PBXBuildFile; fileRef = 7202A02319A3E416005267BA /* UIProgressView+AFNetworking.m */; };
		7202A03719A3E416005267BA /* UIRefreshControl+AFNetworking.m in Sources */ = {isa = PBXBuildFile; fileRef = 7202A02519A3E416005267BA /* UIRefreshControl+AFNetworking.m */; };
		7202A03819A3E416005267BA /* UIWebView+AFNetworking.m in Sources */ = {isa = PBXBuildFile; fileRef = 7202A02719A3E416005267BA /* UIWebView+AFNetworking.m */; };
		7202A03C19A3E7A2005267BA /* URLConnectionSearchManager.m in Sources */ = {isa = PBXBuildFile; fileRef = 7202A03B19A3E7A2005267BA /* URLConnectionSearchManager.m */; };
		7202A03F19A3E922005267BA /* AFNetworkingSearchManager.m in Sources */ = {isa = PBXBuildFile; fileRef = 7202A03E19A3E922005267BA /* AFNetworkingSearchManager.m */; };
		726C08581978550100704170 /* Foundation.framework in Frameworks */ = {isa = PBXBuildFile; fileRef = 726C08571978550100704170 /* Foundation.framework */; };
		726C085A1978550100704170 /* CoreGraphics.framework in Frameworks */ = {isa = PBXBuildFile; fileRef = 726C08591978550100704170 /* CoreGraphics.framework */; };
		726C085C1978550100704170 /* UIKit.framework in Frameworks */ = {isa = PBXBuildFile; fileRef = 726C085B1978550100704170 /* UIKit.framework */; };
		726C08621978550100704170 /* InfoPlist.strings in Resources */ = {isa = PBXBuildFile; fileRef = 726C08601978550100704170 /* InfoPlist.strings */; };
		726C08641978550100704170 /* main.m in Sources */ = {isa = PBXBuildFile; fileRef = 726C08631978550100704170 /* main.m */; };
		726C08681978550100704170 /* AppDelegate.m in Sources */ = {isa = PBXBuildFile; fileRef = 726C08671978550100704170 /* AppDelegate.m */; };
		726C086B1978550100704170 /* Main.storyboard in Resources */ = {isa = PBXBuildFile; fileRef = 726C08691978550100704170 /* Main.storyboard */; };
		726C086E1978550100704170 /* ViewController.m in Sources */ = {isa = PBXBuildFile; fileRef = 726C086D1978550100704170 /* ViewController.m */; };
		726C08701978550100704170 /* Images.xcassets in Resources */ = {isa = PBXBuildFile; fileRef = 726C086F1978550100704170 /* Images.xcassets */; };
		726C08771978550100704170 /* XCTest.framework in Frameworks */ = {isa = PBXBuildFile; fileRef = 726C08761978550100704170 /* XCTest.framework */; };
		726C08781978550100704170 /* Foundation.framework in Frameworks */ = {isa = PBXBuildFile; fileRef = 726C08571978550100704170 /* Foundation.framework */; };
		726C08791978550100704170 /* UIKit.framework in Frameworks */ = {isa = PBXBuildFile; fileRef = 726C085B1978550100704170 /* UIKit.framework */; };
		726C08811978550100704170 /* InfoPlist.strings in Resources */ = {isa = PBXBuildFile; fileRef = 726C087F1978550100704170 /* InfoPlist.strings */; };
		726C08831978550100704170 /* Mobile_PractiseTests.m in Sources */ = {isa = PBXBuildFile; fileRef = 726C08821978550100704170 /* Mobile_PractiseTests.m */; };
		726C089119785F1100704170 /* ResultsViewController.m in Sources */ = {isa = PBXBuildFile; fileRef = 726C088F19785F1100704170 /* ResultsViewController.m */; };
		726C089219785F1100704170 /* ResultsViewController.xib in Resources */ = {isa = PBXBuildFile; fileRef = 726C089019785F1100704170 /* ResultsViewController.xib */; };
		726C08951979781600704170 /* ItemEntity.m in Sources */ = {isa = PBXBuildFile; fileRef = 726C08941979781600704170 /* ItemEntity.m */; };
		726C08971979A91C00704170 /* ItemCell.xib in Resources */ = {isa = PBXBuildFile; fileRef = 726C08961979A91C00704170 /* ItemCell.xib */; };
		726C089A1979AF7600704170 /* ItemCell.m in Sources */ = {isa = PBXBuildFile; fileRef = 726C08991979AF7600704170 /* ItemCell.m */; };
/* End PBXBuildFile section */

/* Begin PBXContainerItemProxy section */
		726C087A1978550100704170 /* PBXContainerItemProxy */ = {
			isa = PBXContainerItemProxy;
			containerPortal = 726C084C1978550100704170 /* Project object */;
			proxyType = 1;
			remoteGlobalIDString = 726C08531978550100704170;
			remoteInfo = "Mobile Practise";
		};
/* End PBXContainerItemProxy section */

/* Begin PBXFileReference section */
		72029FFC19A3D3EC005267BA /* NSDictionary+ItemEntity.h */ = {isa = PBXFileReference; fileEncoding = 4; lastKnownFileType = sourcecode.c.h; path = "NSDictionary+ItemEntity.h"; sourceTree = "<group>"; };
		72029FFD19A3D3EC005267BA /* NSDictionary+ItemEntity.m */ = {isa = PBXFileReference; fileEncoding = 4; lastKnownFileType = sourcecode.c.objc; path = "NSDictionary+ItemEntity.m"; sourceTree = "<group>"; };
		72029FFF19A3DA48005267BA /* MBProgressHUD.h */ = {isa = PBXFileReference; fileEncoding = 4; lastKnownFileType = sourcecode.c.h; path = MBProgressHUD.h; sourceTree = "<group>"; };
		7202A00019A3DA48005267BA /* MBProgressHUD.m */ = {isa = PBXFileReference; fileEncoding = 4; lastKnownFileType = sourcecode.c.objc; path = MBProgressHUD.m; sourceTree = "<group>"; };
		7202A00319A3E416005267BA /* AFHTTPRequestOperation.h */ = {isa = PBXFileReference; fileEncoding = 4; lastKnownFileType = sourcecode.c.h; path = AFHTTPRequestOperation.h; sourceTree = "<group>"; };
		7202A00419A3E416005267BA /* AFHTTPRequestOperation.m */ = {isa = PBXFileReference; fileEncoding = 4; lastKnownFileType = sourcecode.c.objc; path = AFHTTPRequestOperation.m; sourceTree = "<group>"; };
		7202A00519A3E416005267BA /* AFHTTPRequestOperationManager.h */ = {isa = PBXFileReference; fileEncoding = 4; lastKnownFileType = sourcecode.c.h; path = AFHTTPRequestOperationManager.h; sourceTree = "<group>"; };
		7202A00619A3E416005267BA /* AFHTTPRequestOperationManager.m */ = {isa = PBXFileReference; fileEncoding = 4; lastKnownFileType = sourcecode.c.objc; path = AFHTTPRequestOperationManager.m; sourceTree = "<group>"; };
		7202A00719A3E416005267BA /* AFHTTPSessionManager.h */ = {isa = PBXFileReference; fileEncoding = 4; lastKnownFileType = sourcecode.c.h; path = AFHTTPSessionManager.h; sourceTree = "<group>"; };
		7202A00819A3E416005267BA /* AFHTTPSessionManager.m */ = {isa = PBXFileReference; fileEncoding = 4; lastKnownFileType = sourcecode.c.objc; path = AFHTTPSessionManager.m; sourceTree = "<group>"; };
		7202A00919A3E416005267BA /* AFNetworking.h */ = {isa = PBXFileReference; fileEncoding = 4; lastKnownFileType = sourcecode.c.h; path = AFNetworking.h; sourceTree = "<group>"; };
		7202A00A19A3E416005267BA /* AFNetworkReachabilityManager.h */ = {isa = PBXFileReference; fileEncoding = 4; lastKnownFileType = sourcecode.c.h; path = AFNetworkReachabilityManager.h; sourceTree = "<group>"; };
		7202A00B19A3E416005267BA /* AFNetworkReachabilityManager.m */ = {isa = PBXFileReference; fileEncoding = 4; lastKnownFileType = sourcecode.c.objc; path = AFNetworkReachabilityManager.m; sourceTree = "<group>"; };
		7202A00C19A3E416005267BA /* AFSecurityPolicy.h */ = {isa = PBXFileReference; fileEncoding = 4; lastKnownFileType = sourcecode.c.h; path = AFSecurityPolicy.h; sourceTree = "<group>"; };
		7202A00D19A3E416005267BA /* AFSecurityPolicy.m */ = {isa = PBXFileReference; fileEncoding = 4; lastKnownFileType = sourcecode.c.objc; path = AFSecurityPolicy.m; sourceTree = "<group>"; };
		7202A00E19A3E416005267BA /* AFURLConnectionOperation.h */ = {isa = PBXFileReference; fileEncoding = 4; lastKnownFileType = sourcecode.c.h; path = AFURLConnectionOperation.h; sourceTree = "<group>"; };
		7202A00F19A3E416005267BA /* AFURLConnectionOperation.m */ = {isa = PBXFileReference; fileEncoding = 4; lastKnownFileType = sourcecode.c.objc; path = AFURLConnectionOperation.m; sourceTree = "<group>"; };
		7202A01019A3E416005267BA /* AFURLRequestSerialization.h */ = {isa = PBXFileReference; fileEncoding = 4; lastKnownFileType = sourcecode.c.h; path = AFURLRequestSerialization.h; sourceTree = "<group>"; };
		7202A01119A3E416005267BA /* AFURLRequestSerialization.m */ = {isa = PBXFileReference; fileEncoding = 4; lastKnownFileType = sourcecode.c.objc; path = AFURLRequestSerialization.m; sourceTree = "<group>"; };
		7202A01219A3E416005267BA /* AFURLResponseSerialization.h */ = {isa = PBXFileReference; fileEncoding = 4; lastKnownFileType = sourcecode.c.h; path = AFURLResponseSerialization.h; sourceTree = "<group>"; };
		7202A01319A3E416005267BA /* AFURLResponseSerialization.m */ = {isa = PBXFileReference; fileEncoding = 4; lastKnownFileType = sourcecode.c.objc; path = AFURLResponseSerialization.m; sourceTree = "<group>"; };
		7202A01419A3E416005267BA /* AFURLSessionManager.h */ = {isa = PBXFileReference; fileEncoding = 4; lastKnownFileType = sourcecode.c.h; path = AFURLSessionManager.h; sourceTree = "<group>"; };
		7202A01519A3E416005267BA /* AFURLSessionManager.m */ = {isa = PBXFileReference; fileEncoding = 4; lastKnownFileType = sourcecode.c.objc; path = AFURLSessionManager.m; sourceTree = "<group>"; };
		7202A01719A3E416005267BA /* AFNetworkActivityIndicatorManager.h */ = {isa = PBXFileReference; fileEncoding = 4; lastKnownFileType = sourcecode.c.h; path = AFNetworkActivityIndicatorManager.h; sourceTree = "<group>"; };
		7202A01819A3E416005267BA /* AFNetworkActivityIndicatorManager.m */ = {isa = PBXFileReference; fileEncoding = 4; lastKnownFileType = sourcecode.c.objc; path = AFNetworkActivityIndicatorManager.m; sourceTree = "<group>"; };
		7202A01919A3E416005267BA /* UIActivityIndicatorView+AFNetworking.h */ = {isa = PBXFileReference; fileEncoding = 4; lastKnownFileType = sourcecode.c.h; path = "UIActivityIndicatorView+AFNetworking.h"; sourceTree = "<group>"; };
		7202A01A19A3E416005267BA /* UIActivityIndicatorView+AFNetworking.m */ = {isa = PBXFileReference; fileEncoding = 4; lastKnownFileType = sourcecode.c.objc; path = "UIActivityIndicatorView+AFNetworking.m"; sourceTree = "<group>"; };
		7202A01B19A3E416005267BA /* UIAlertView+AFNetworking.h */ = {isa = PBXFileReference; fileEncoding = 4; lastKnownFileType = sourcecode.c.h; path = "UIAlertView+AFNetworking.h"; sourceTree = "<group>"; };
		7202A01C19A3E416005267BA /* UIAlertView+AFNetworking.m */ = {isa = PBXFileReference; fileEncoding = 4; lastKnownFileType = sourcecode.c.objc; path = "UIAlertView+AFNetworking.m"; sourceTree = "<group>"; };
		7202A01D19A3E416005267BA /* UIButton+AFNetworking.h */ = {isa = PBXFileReference; fileEncoding = 4; lastKnownFileType = sourcecode.c.h; path = "UIButton+AFNetworking.h"; sourceTree = "<group>"; };
		7202A01E19A3E416005267BA /* UIButton+AFNetworking.m */ = {isa = PBXFileReference; fileEncoding = 4; lastKnownFileType = sourcecode.c.objc; path = "UIButton+AFNetworking.m"; sourceTree = "<group>"; };
		7202A01F19A3E416005267BA /* UIImageView+AFNetworking.h */ = {isa = PBXFileReference; fileEncoding = 4; lastKnownFileType = sourcecode.c.h; path = "UIImageView+AFNetworking.h"; sourceTree = "<group>"; };
		7202A02019A3E416005267BA /* UIImageView+AFNetworking.m */ = {isa = PBXFileReference; fileEncoding = 4; lastKnownFileType = sourcecode.c.objc; path = "UIImageView+AFNetworking.m"; sourceTree = "<group>"; };
		7202A02119A3E416005267BA /* UIKit+AFNetworking.h */ = {isa = PBXFileReference; fileEncoding = 4; lastKnownFileType = sourcecode.c.h; path = "UIKit+AFNetworking.h"; sourceTree = "<group>"; };
		7202A02219A3E416005267BA /* UIProgressView+AFNetworking.h */ = {isa = PBXFileReference; fileEncoding = 4; lastKnownFileType = sourcecode.c.h; path = "UIProgressView+AFNetworking.h"; sourceTree = "<group>"; };
		7202A02319A3E416005267BA /* UIProgressView+AFNetworking.m */ = {isa = PBXFileReference; fileEncoding = 4; lastKnownFileType = sourcecode.c.objc; path = "UIProgressView+AFNetworking.m"; sourceTree = "<group>"; };
		7202A02419A3E416005267BA /* UIRefreshControl+AFNetworking.h */ = {isa = PBXFileReference; fileEncoding = 4; lastKnownFileType = sourcecode.c.h; path = "UIRefreshControl+AFNetworking.h"; sourceTree = "<group>"; };
		7202A02519A3E416005267BA /* UIRefreshControl+AFNetworking.m */ = {isa = PBXFileReference; fileEncoding = 4; lastKnownFileType = sourcecode.c.objc; path = "UIRefreshControl+AFNetworking.m"; sourceTree = "<group>"; };
		7202A02619A3E416005267BA /* UIWebView+AFNetworking.h */ = {isa = PBXFileReference; fileEncoding = 4; lastKnownFileType = sourcecode.c.h; path = "UIWebView+AFNetworking.h"; sourceTree = "<group>"; };
		7202A02719A3E416005267BA /* UIWebView+AFNetworking.m */ = {isa = PBXFileReference; fileEncoding = 4; lastKnownFileType = sourcecode.c.objc; path = "UIWebView+AFNetworking.m"; sourceTree = "<group>"; };
		7202A03919A3E4B4005267BA /* SearchManager.h */ = {isa = PBXFileReference; lastKnownFileType = sourcecode.c.h; path = SearchManager.h; sourceTree = "<group>"; };
		7202A03A19A3E7A2005267BA /* URLConnectionSearchManager.h */ = {isa = PBXFileReference; fileEncoding = 4; lastKnownFileType = sourcecode.c.h; path = URLConnectionSearchManager.h; sourceTree = "<group>"; };
		7202A03B19A3E7A2005267BA /* URLConnectionSearchManager.m */ = {isa = PBXFileReference; fileEncoding = 4; lastKnownFileType = sourcecode.c.objc; path = URLConnectionSearchManager.m; sourceTree = "<group>"; };
		7202A03D19A3E922005267BA /* AFNetworkingSearchManager.h */ = {isa = PBXFileReference; fileEncoding = 4; lastKnownFileType = sourcecode.c.h; path = AFNetworkingSearchManager.h; sourceTree = "<group>"; };
		7202A03E19A3E922005267BA /* AFNetworkingSearchManager.m */ = {isa = PBXFileReference; fileEncoding = 4; lastKnownFileType = sourcecode.c.objc; path = AFNetworkingSearchManager.m; sourceTree = "<group>"; };
		726C08541978550100704170 /* Mobile Practise.app */ = {isa = PBXFileReference; explicitFileType = wrapper.application; includeInIndex = 0; path = "Mobile Practise.app"; sourceTree = BUILT_PRODUCTS_DIR; };
		726C08571978550100704170 /* Foundation.framework */ = {isa = PBXFileReference; lastKnownFileType = wrapper.framework; name = Foundation.framework; path = System/Library/Frameworks/Foundation.framework; sourceTree = SDKROOT; };
		726C08591978550100704170 /* CoreGraphics.framework */ = {isa = PBXFileReference; lastKnownFileType = wrapper.framework; name = CoreGraphics.framework; path = System/Library/Frameworks/CoreGraphics.framework; sourceTree = SDKROOT; };
		726C085B1978550100704170 /* UIKit.framework */ = {isa = PBXFileReference; lastKnownFileType = wrapper.framework; name = UIKit.framework; path = System/Library/Frameworks/UIKit.framework; sourceTree = SDKROOT; };
		726C085F1978550100704170 /* Mobile Practise-Info.plist */ = {isa = PBXFileReference; lastKnownFileType = text.plist.xml; path = "Mobile Practise-Info.plist"; sourceTree = "<group>"; };
		726C08611978550100704170 /* en */ = {isa = PBXFileReference; lastKnownFileType = text.plist.strings; name = en; path = en.lproj/InfoPlist.strings; sourceTree = "<group>"; };
		726C08631978550100704170 /* main.m */ = {isa = PBXFileReference; lastKnownFileType = sourcecode.c.objc; path = main.m; sourceTree = "<group>"; };
		726C08651978550100704170 /* Mobile Practise-Prefix.pch */ = {isa = PBXFileReference; lastKnownFileType = sourcecode.c.h; path = "Mobile Practise-Prefix.pch"; sourceTree = "<group>"; };
		726C08661978550100704170 /* AppDelegate.h */ = {isa = PBXFileReference; lastKnownFileType = sourcecode.c.h; path = AppDelegate.h; sourceTree = "<group>"; };
		726C08671978550100704170 /* AppDelegate.m */ = {isa = PBXFileReference; lastKnownFileType = sourcecode.c.objc; path = AppDelegate.m; sourceTree = "<group>"; };
		726C086A1978550100704170 /* Base */ = {isa = PBXFileReference; lastKnownFileType = file.storyboard; name = Base; path = Base.lproj/Main.storyboard; sourceTree = "<group>"; };
		726C086C1978550100704170 /* ViewController.h */ = {isa = PBXFileReference; lastKnownFileType = sourcecode.c.h; path = ViewController.h; sourceTree = "<group>"; };
		726C086D1978550100704170 /* ViewController.m */ = {isa = PBXFileReference; lastKnownFileType = sourcecode.c.objc; path = ViewController.m; sourceTree = "<group>"; };
		726C086F1978550100704170 /* Images.xcassets */ = {isa = PBXFileReference; lastKnownFileType = folder.assetcatalog; path = Images.xcassets; sourceTree = "<group>"; };
		726C08751978550100704170 /* Mobile PractiseTests.xctest */ = {isa = PBXFileReference; explicitFileType = wrapper.cfbundle; includeInIndex = 0; path = "Mobile PractiseTests.xctest"; sourceTree = BUILT_PRODUCTS_DIR; };
		726C08761978550100704170 /* XCTest.framework */ = {isa = PBXFileReference; lastKnownFileType = wrapper.framework; name = XCTest.framework; path = Library/Frameworks/XCTest.framework; sourceTree = DEVELOPER_DIR; };
		726C087E1978550100704170 /* Mobile PractiseTests-Info.plist */ = {isa = PBXFileReference; lastKnownFileType = text.plist.xml; path = "Mobile PractiseTests-Info.plist"; sourceTree = "<group>"; };
		726C08801978550100704170 /* en */ = {isa = PBXFileReference; lastKnownFileType = text.plist.strings; name = en; path = en.lproj/InfoPlist.strings; sourceTree = "<group>"; };
		726C08821978550100704170 /* Mobile_PractiseTests.m */ = {isa = PBXFileReference; lastKnownFileType = sourcecode.c.objc; path = Mobile_PractiseTests.m; sourceTree = "<group>"; };
		726C088E19785F1100704170 /* ResultsViewController.h */ = {isa = PBXFileReference; fileEncoding = 4; lastKnownFileType = sourcecode.c.h; path = ResultsViewController.h; sourceTree = "<group>"; };
		726C088F19785F1100704170 /* ResultsViewController.m */ = {isa = PBXFileReference; fileEncoding = 4; lastKnownFileType = sourcecode.c.objc; path = ResultsViewController.m; sourceTree = "<group>"; };
		726C089019785F1100704170 /* ResultsViewController.xib */ = {isa = PBXFileReference; fileEncoding = 4; lastKnownFileType = file.xib; path = ResultsViewController.xib; sourceTree = "<group>"; };
		726C08931979781600704170 /* ItemEntity.h */ = {isa = PBXFileReference; fileEncoding = 4; lastKnownFileType = sourcecode.c.h; path = ItemEntity.h; sourceTree = "<group>"; };
		726C08941979781600704170 /* ItemEntity.m */ = {isa = PBXFileReference; fileEncoding = 4; lastKnownFileType = sourcecode.c.objc; path = ItemEntity.m; sourceTree = "<group>"; };
		726C08961979A91C00704170 /* ItemCell.xib */ = {isa = PBXFileReference; fileEncoding = 4; lastKnownFileType = file.xib; path = ItemCell.xib; sourceTree = "<group>"; };
		726C08981979AF7600704170 /* ItemCell.h */ = {isa = PBXFileReference; fileEncoding = 4; lastKnownFileType = sourcecode.c.h; path = ItemCell.h; sourceTree = "<group>"; };
		726C08991979AF7600704170 /* ItemCell.m */ = {isa = PBXFileReference; fileEncoding = 4; lastKnownFileType = sourcecode.c.objc; path = ItemCell.m; sourceTree = "<group>"; };
/* End PBXFileReference section */

/* Begin PBXFrameworksBuildPhase section */
		726C08511978550100704170 /* Frameworks */ = {
			isa = PBXFrameworksBuildPhase;
			buildActionMask = 2147483647;
			files = (
				726C085A1978550100704170 /* CoreGraphics.framework in Frameworks */,
				726C085C1978550100704170 /* UIKit.framework in Frameworks */,
				726C08581978550100704170 /* Foundation.framework in Frameworks */,
			);
			runOnlyForDeploymentPostprocessing = 0;
		};
		726C08721978550100704170 /* Frameworks */ = {
			isa = PBXFrameworksBuildPhase;
			buildActionMask = 2147483647;
			files = (
				726C08771978550100704170 /* XCTest.framework in Frameworks */,
				726C08791978550100704170 /* UIKit.framework in Frameworks */,
				726C08781978550100704170 /* Foundation.framework in Frameworks */,
			);
			runOnlyForDeploymentPostprocessing = 0;
		};
/* End PBXFrameworksBuildPhase section */

/* Begin PBXGroup section */
		7202A00219A3E416005267BA /* AFNetworking */ = {
			isa = PBXGroup;
			children = (
				7202A00319A3E416005267BA /* AFHTTPRequestOperation.h */,
				7202A00419A3E416005267BA /* AFHTTPRequestOperation.m */,
				7202A00519A3E416005267BA /* AFHTTPRequestOperationManager.h */,
				7202A00619A3E416005267BA /* AFHTTPRequestOperationManager.m */,
				7202A00719A3E416005267BA /* AFHTTPSessionManager.h */,
				7202A00819A3E416005267BA /* AFHTTPSessionManager.m */,
				7202A00919A3E416005267BA /* AFNetworking.h */,
				7202A00A19A3E416005267BA /* AFNetworkReachabilityManager.h */,
				7202A00B19A3E416005267BA /* AFNetworkReachabilityManager.m */,
				7202A00C19A3E416005267BA /* AFSecurityPolicy.h */,
				7202A00D19A3E416005267BA /* AFSecurityPolicy.m */,
				7202A00E19A3E416005267BA /* AFURLConnectionOperation.h */,
				7202A00F19A3E416005267BA /* AFURLConnectionOperation.m */,
				7202A01019A3E416005267BA /* AFURLRequestSerialization.h */,
				7202A01119A3E416005267BA /* AFURLRequestSerialization.m */,
				7202A01219A3E416005267BA /* AFURLResponseSerialization.h */,
				7202A01319A3E416005267BA /* AFURLResponseSerialization.m */,
				7202A01419A3E416005267BA /* AFURLSessionManager.h */,
				7202A01519A3E416005267BA /* AFURLSessionManager.m */,
			);
			path = AFNetworking;
			sourceTree = "<group>";
		};
		7202A01619A3E416005267BA /* UIKit+AFNetworking */ = {
			isa = PBXGroup;
			children = (
				7202A01719A3E416005267BA /* AFNetworkActivityIndicatorManager.h */,
				7202A01819A3E416005267BA /* AFNetworkActivityIndicatorManager.m */,
				7202A01919A3E416005267BA /* UIActivityIndicatorView+AFNetworking.h */,
				7202A01A19A3E416005267BA /* UIActivityIndicatorView+AFNetworking.m */,
				7202A01B19A3E416005267BA /* UIAlertView+AFNetworking.h */,
				7202A01C19A3E416005267BA /* UIAlertView+AFNetworking.m */,
				7202A01D19A3E416005267BA /* UIButton+AFNetworking.h */,
				7202A01E19A3E416005267BA /* UIButton+AFNetworking.m */,
				7202A01F19A3E416005267BA /* UIImageView+AFNetworking.h */,
				7202A02019A3E416005267BA /* UIImageView+AFNetworking.m */,
				7202A02119A3E416005267BA /* UIKit+AFNetworking.h */,
				7202A02219A3E416005267BA /* UIProgressView+AFNetworking.h */,
				7202A02319A3E416005267BA /* UIProgressView+AFNetworking.m */,
				7202A02419A3E416005267BA /* UIRefreshControl+AFNetworking.h */,
				7202A02519A3E416005267BA /* UIRefreshControl+AFNetworking.m */,
				7202A02619A3E416005267BA /* UIWebView+AFNetworking.h */,
				7202A02719A3E416005267BA /* UIWebView+AFNetworking.m */,
			);
			path = "UIKit+AFNetworking";
			sourceTree = "<group>";
		};
		726C084B1978550100704170 = {
			isa = PBXGroup;
			children = (
				726C085D1978550100704170 /* Mobile Practise */,
				726C087C1978550100704170 /* Mobile PractiseTests */,
				726C08561978550100704170 /* Frameworks */,
				726C08551978550100704170 /* Products */,
			);
			sourceTree = "<group>";
		};
		726C08551978550100704170 /* Products */ = {
			isa = PBXGroup;
			children = (
				726C08541978550100704170 /* Mobile Practise.app */,
				726C08751978550100704170 /* Mobile PractiseTests.xctest */,
			);
			name = Products;
			sourceTree = "<group>";
		};
		726C08561978550100704170 /* Frameworks */ = {
			isa = PBXGroup;
			children = (
				726C08571978550100704170 /* Foundation.framework */,
				726C08591978550100704170 /* CoreGraphics.framework */,
				726C085B1978550100704170 /* UIKit.framework */,
				726C08761978550100704170 /* XCTest.framework */,
			);
			name = Frameworks;
			sourceTree = "<group>";
		};
		726C085D1978550100704170 /* Mobile Practise */ = {
			isa = PBXGroup;
			children = (
				7202A00219A3E416005267BA /* AFNetworking */,
				7202A01619A3E416005267BA /* UIKit+AFNetworking */,
				72029FFF19A3DA48005267BA /* MBProgressHUD.h */,
				7202A00019A3DA48005267BA /* MBProgressHUD.m */,
				726C08661978550100704170 /* AppDelegate.h */,
				726C08671978550100704170 /* AppDelegate.m */,
				726C08691978550100704170 /* Main.storyboard */,
				726C086C1978550100704170 /* ViewController.h */,
				726C086D1978550100704170 /* ViewController.m */,
				726C086F1978550100704170 /* Images.xcassets */,
				726C085E1978550100704170 /* Supporting Files */,
				726C088E19785F1100704170 /* ResultsViewController.h */,
				726C088F19785F1100704170 /* ResultsViewController.m */,
				726C089019785F1100704170 /* ResultsViewController.xib */,
				726C08931979781600704170 /* ItemEntity.h */,
				726C08941979781600704170 /* ItemEntity.m */,
				726C08961979A91C00704170 /* ItemCell.xib */,
				726C08981979AF7600704170 /* ItemCell.h */,
				726C08991979AF7600704170 /* ItemCell.m */,
				72029FFC19A3D3EC005267BA /* NSDictionary+ItemEntity.h */,
				72029FFD19A3D3EC005267BA /* NSDictionary+ItemEntity.m */,
				7202A03919A3E4B4005267BA /* SearchManager.h */,
				7202A03A19A3E7A2005267BA /* URLConnectionSearchManager.h */,
				7202A03B19A3E7A2005267BA /* URLConnectionSearchManager.m */,
				7202A03D19A3E922005267BA /* AFNetworkingSearchManager.h */,
				7202A03E19A3E922005267BA /* AFNetworkingSearchManager.m */,
			);
			path = "Mobile Practise";
			sourceTree = "<group>";
		};
		726C085E1978550100704170 /* Supporting Files */ = {
			isa = PBXGroup;
			children = (
				726C085F1978550100704170 /* Mobile Practise-Info.plist */,
				726C08601978550100704170 /* InfoPlist.strings */,
				726C08631978550100704170 /* main.m */,
				726C08651978550100704170 /* Mobile Practise-Prefix.pch */,
			);
			name = "Supporting Files";
			sourceTree = "<group>";
		};
		726C087C1978550100704170 /* Mobile PractiseTests */ = {
			isa = PBXGroup;
			children = (
				726C08821978550100704170 /* Mobile_PractiseTests.m */,
				726C087D1978550100704170 /* Supporting Files */,
			);
			path = "Mobile PractiseTests";
			sourceTree = "<group>";
		};
		726C087D1978550100704170 /* Supporting Files */ = {
			isa = PBXGroup;
			children = (
				726C087E1978550100704170 /* Mobile PractiseTests-Info.plist */,
				726C087F1978550100704170 /* InfoPlist.strings */,
			);
			name = "Supporting Files";
			sourceTree = "<group>";
		};
/* End PBXGroup section */

/* Begin PBXNativeTarget section */
		726C08531978550100704170 /* Mobile Practise */ = {
			isa = PBXNativeTarget;
			buildConfigurationList = 726C08861978550100704170 /* Build configuration list for PBXNativeTarget "Mobile Practise" */;
			buildPhases = (
				726C08501978550100704170 /* Sources */,
				726C08511978550100704170 /* Frameworks */,
				726C08521978550100704170 /* Resources */,
			);
			buildRules = (
			);
			dependencies = (
			);
			name = "Mobile Practise";
			productName = "Mobile Practise";
			productReference = 726C08541978550100704170 /* Mobile Practise.app */;
			productType = "com.apple.product-type.application";
		};
		726C08741978550100704170 /* Mobile PractiseTests */ = {
			isa = PBXNativeTarget;
			buildConfigurationList = 726C08891978550100704170 /* Build configuration list for PBXNativeTarget "Mobile PractiseTests" */;
			buildPhases = (
				726C08711978550100704170 /* Sources */,
				726C08721978550100704170 /* Frameworks */,
				726C08731978550100704170 /* Resources */,
			);
			buildRules = (
			);
			dependencies = (
				726C087B1978550100704170 /* PBXTargetDependency */,
			);
			name = "Mobile PractiseTests";
			productName = "Mobile PractiseTests";
			productReference = 726C08751978550100704170 /* Mobile PractiseTests.xctest */;
			productType = "com.apple.product-type.bundle.unit-test";
		};
/* End PBXNativeTarget section */

/* Begin PBXProject section */
		726C084C1978550100704170 /* Project object */ = {
			isa = PBXProject;
			attributes = {
				LastUpgradeCheck = 0510;
				ORGANIZATIONNAME = "Marcelo Busico";
				TargetAttributes = {
					726C08741978550100704170 = {
						TestTargetID = 726C08531978550100704170;
					};
				};
			};
			buildConfigurationList = 726C084F1978550100704170 /* Build configuration list for PBXProject "Mobile Practise" */;
			compatibilityVersion = "Xcode 3.2";
			developmentRegion = English;
			hasScannedForEncodings = 0;
			knownRegions = (
				en,
				Base,
			);
			mainGroup = 726C084B1978550100704170;
			productRefGroup = 726C08551978550100704170 /* Products */;
			projectDirPath = "";
			projectRoot = "";
			targets = (
				726C08531978550100704170 /* Mobile Practise */,
				726C08741978550100704170 /* Mobile PractiseTests */,
			);
		};
/* End PBXProject section */

/* Begin PBXResourcesBuildPhase section */
		726C08521978550100704170 /* Resources */ = {
			isa = PBXResourcesBuildPhase;
			buildActionMask = 2147483647;
			files = (
				726C08701978550100704170 /* Images.xcassets in Resources */,
				726C08621978550100704170 /* InfoPlist.strings in Resources */,
				726C08971979A91C00704170 /* ItemCell.xib in Resources */,
				726C086B1978550100704170 /* Main.storyboard in Resources */,
				726C089219785F1100704170 /* ResultsViewController.xib in Resources */,
			);
			runOnlyForDeploymentPostprocessing = 0;
		};
		726C08731978550100704170 /* Resources */ = {
			isa = PBXResourcesBuildPhase;
			buildActionMask = 2147483647;
			files = (
				726C08811978550100704170 /* InfoPlist.strings in Resources */,
			);
			runOnlyForDeploymentPostprocessing = 0;
		};
/* End PBXResourcesBuildPhase section */

/* Begin PBXSourcesBuildPhase section */
		726C08501978550100704170 /* Sources */ = {
			isa = PBXSourcesBuildPhase;
			buildActionMask = 2147483647;
			files = (
				7202A03019A3E416005267BA /* AFURLSessionManager.m in Sources */,
				7202A02D19A3E416005267BA /* AFURLConnectionOperation.m in Sources */,
				7202A03719A3E416005267BA /* UIRefreshControl+AFNetworking.m in Sources */,
				7202A03419A3E416005267BA /* UIButton+AFNetworking.m in Sources */,
				7202A03619A3E416005267BA /* UIProgressView+AFNetworking.m in Sources */,
				7202A02819A3E416005267BA /* AFHTTPRequestOperation.m in Sources */,
				726C089A1979AF7600704170 /* ItemCell.m in Sources */,
				7202A03319A3E416005267BA /* UIAlertView+AFNetworking.m in Sources */,
				7202A03F19A3E922005267BA /* AFNetworkingSearchManager.m in Sources */,
				7202A02919A3E416005267BA /* AFHTTPRequestOperationManager.m in Sources */,
				726C08951979781600704170 /* ItemEntity.m in Sources */,
				72029FFE19A3D3EC005267BA /* NSDictionary+ItemEntity.m in Sources */,
				7202A03519A3E416005267BA /* UIImageView+AFNetworking.m in Sources */,
				7202A02A19A3E416005267BA /* AFHTTPSessionManager.m in Sources */,
				7202A03219A3E416005267BA /* UIActivityIndicatorView+AFNetworking.m in Sources */,
				7202A03119A3E416005267BA /* AFNetworkActivityIndicatorManager.m in Sources */,
				7202A03C19A3E7A2005267BA /* URLConnectionSearchManager.m in Sources */,
				726C086E1978550100704170 /* ViewController.m in Sources */,
				726C08681978550100704170 /* AppDelegate.m in Sources */,
				726C08641978550100704170 /* main.m in Sources */,
				7202A02C19A3E416005267BA /* AFSecurityPolicy.m in Sources */,
				726C089119785F1100704170 /* ResultsViewController.m in Sources */,
				7202A02E19A3E416005267BA /* AFURLRequestSerialization.m in Sources */,
				7202A02B19A3E416005267BA /* AFNetworkReachabilityManager.m in Sources */,
				7202A03819A3E416005267BA /* UIWebView+AFNetworking.m in Sources */,
				7202A02F19A3E416005267BA /* AFURLResponseSerialization.m in Sources */,
				7202A00119A3DA48005267BA /* MBProgressHUD.m in Sources */,
			);
			runOnlyForDeploymentPostprocessing = 0;
		};
		726C08711978550100704170 /* Sources */ = {
			isa = PBXSourcesBuildPhase;
			buildActionMask = 2147483647;
			files = (
				726C08831978550100704170 /* Mobile_PractiseTests.m in Sources */,
			);
			runOnlyForDeploymentPostprocessing = 0;
		};
/* End PBXSourcesBuildPhase section */

/* Begin PBXTargetDependency section */
		726C087B1978550100704170 /* PBXTargetDependency */ = {
			isa = PBXTargetDependency;
			target = 726C08531978550100704170 /* Mobile Practise */;
			targetProxy = 726C087A1978550100704170 /* PBXContainerItemProxy */;
		};
/* End PBXTargetDependency section */

/* Begin PBXVariantGroup section */
		726C08601978550100704170 /* InfoPlist.strings */ = {
			isa = PBXVariantGroup;
			children = (
				726C08611978550100704170 /* en */,
			);
			name = InfoPlist.strings;
			sourceTree = "<group>";
		};
		726C08691978550100704170 /* Main.storyboard */ = {
			isa = PBXVariantGroup;
			children = (
				726C086A1978550100704170 /* Base */,
			);
			name = Main.storyboard;
			sourceTree = "<group>";
		};
		726C087F1978550100704170 /* InfoPlist.strings */ = {
			isa = PBXVariantGroup;
			children = (
				726C08801978550100704170 /* en */,
			);
			name = InfoPlist.strings;
			sourceTree = "<group>";
		};
/* End PBXVariantGroup section */

/* Begin XCBuildConfiguration section */
		726C08841978550100704170 /* Debug */ = {
			isa = XCBuildConfiguration;
			buildSettings = {
				ALWAYS_SEARCH_USER_PATHS = NO;
				CLANG_CXX_LANGUAGE_STANDARD = "gnu++0x";
				CLANG_CXX_LIBRARY = "libc++";
				CLANG_ENABLE_MODULES = YES;
				CLANG_ENABLE_OBJC_ARC = YES;
				CLANG_WARN_BOOL_CONVERSION = YES;
				CLANG_WARN_CONSTANT_CONVERSION = YES;
				CLANG_WARN_DIRECT_OBJC_ISA_USAGE = YES_ERROR;
				CLANG_WARN_EMPTY_BODY = YES;
				CLANG_WARN_ENUM_CONVERSION = YES;
				CLANG_WARN_INT_CONVERSION = YES;
				CLANG_WARN_OBJC_ROOT_CLASS = YES_ERROR;
				CLANG_WARN__DUPLICATE_METHOD_MATCH = YES;
				"CODE_SIGN_IDENTITY[sdk=iphoneos*]" = "iPhone Developer";
				COPY_PHASE_STRIP = NO;
				GCC_C_LANGUAGE_STANDARD = gnu99;
				GCC_DYNAMIC_NO_PIC = NO;
				GCC_OPTIMIZATION_LEVEL = 0;
				GCC_PREPROCESSOR_DEFINITIONS = (
					"DEBUG=1",
					"$(inherited)",
				);
				GCC_SYMBOLS_PRIVATE_EXTERN = NO;
				GCC_WARN_64_TO_32_BIT_CONVERSION = YES;
				GCC_WARN_ABOUT_RETURN_TYPE = YES_ERROR;
				GCC_WARN_UNDECLARED_SELECTOR = YES;
				GCC_WARN_UNINITIALIZED_AUTOS = YES_AGGRESSIVE;
				GCC_WARN_UNUSED_FUNCTION = YES;
				GCC_WARN_UNUSED_VARIABLE = YES;
				IPHONEOS_DEPLOYMENT_TARGET = 7.1;
				ONLY_ACTIVE_ARCH = YES;
				SDKROOT = iphoneos;
			};
			name = Debug;
		};
		726C08851978550100704170 /* Release */ = {
			isa = XCBuildConfiguration;
			buildSettings = {
				ALWAYS_SEARCH_USER_PATHS = NO;
				CLANG_CXX_LANGUAGE_STANDARD = "gnu++0x";
				CLANG_CXX_LIBRARY = "libc++";
				CLANG_ENABLE_MODULES = YES;
				CLANG_ENABLE_OBJC_ARC = YES;
				CLANG_WARN_BOOL_CONVERSION = YES;
				CLANG_WARN_CONSTANT_CONVERSION = YES;
				CLANG_WARN_DIRECT_OBJC_ISA_USAGE = YES_ERROR;
				CLANG_WARN_EMPTY_BODY = YES;
				CLANG_WARN_ENUM_CONVERSION = YES;
				CLANG_WARN_INT_CONVERSION = YES;
				CLANG_WARN_OBJC_ROOT_CLASS = YES_ERROR;
				CLANG_WARN__DUPLICATE_METHOD_MATCH = YES;
				"CODE_SIGN_IDENTITY[sdk=iphoneos*]" = "iPhone Developer";
				COPY_PHASE_STRIP = YES;
				ENABLE_NS_ASSERTIONS = NO;
				GCC_C_LANGUAGE_STANDARD = gnu99;
				GCC_WARN_64_TO_32_BIT_CONVERSION = YES;
				GCC_WARN_ABOUT_RETURN_TYPE = YES_ERROR;
				GCC_WARN_UNDECLARED_SELECTOR = YES;
				GCC_WARN_UNINITIALIZED_AUTOS = YES_AGGRESSIVE;
				GCC_WARN_UNUSED_FUNCTION = YES;
				GCC_WARN_UNUSED_VARIABLE = YES;
				IPHONEOS_DEPLOYMENT_TARGET = 7.1;
				SDKROOT = iphoneos;
				VALIDATE_PRODUCT = YES;
			};
			name = Release;
		};
		726C08871978550100704170 /* Debug */ = {
			isa = XCBuildConfiguration;
			buildSettings = {
				ASSETCATALOG_COMPILER_APPICON_NAME = AppIcon;
				ASSETCATALOG_COMPILER_LAUNCHIMAGE_NAME = LaunchImage;
				GCC_PRECOMPILE_PREFIX_HEADER = YES;
				GCC_PREFIX_HEADER = "Mobile Practise/Mobile Practise-Prefix.pch";
				INFOPLIST_FILE = "Mobile Practise/Mobile Practise-Info.plist";
				PRODUCT_NAME = "$(TARGET_NAME)";
				WRAPPER_EXTENSION = app;
			};
			name = Debug;
		};
		726C08881978550100704170 /* Release */ = {
			isa = XCBuildConfiguration;
			buildSettings = {
				ASSETCATALOG_COMPILER_APPICON_NAME = AppIcon;
				ASSETCATALOG_COMPILER_LAUNCHIMAGE_NAME = LaunchImage;
				GCC_PRECOMPILE_PREFIX_HEADER = YES;
				GCC_PREFIX_HEADER = "Mobile Practise/Mobile Practise-Prefix.pch";
				INFOPLIST_FILE = "Mobile Practise/Mobile Practise-Info.plist";
				PRODUCT_NAME = "$(TARGET_NAME)";
				WRAPPER_EXTENSION = app;
			};
			name = Release;
		};
		726C088A1978550100704170 /* Debug */ = {
			isa = XCBuildConfiguration;
			buildSettings = {
				BUNDLE_LOADER = "$(BUILT_PRODUCTS_DIR)/Mobile Practise.app/Mobile Practise";
				FRAMEWORK_SEARCH_PATHS = (
					"$(SDKROOT)/Developer/Library/Frameworks",
					"$(inherited)",
					"$(DEVELOPER_FRAMEWORKS_DIR)",
				);
				GCC_PRECOMPILE_PREFIX_HEADER = YES;
				GCC_PREFIX_HEADER = "Mobile Practise/Mobile Practise-Prefix.pch";
				GCC_PREPROCESSOR_DEFINITIONS = (
					"DEBUG=1",
					"$(inherited)",
				);
				INFOPLIST_FILE = "Mobile PractiseTests/Mobile PractiseTests-Info.plist";
				PRODUCT_NAME = "$(TARGET_NAME)";
				TEST_HOST = "$(BUNDLE_LOADER)";
				WRAPPER_EXTENSION = xctest;
			};
			name = Debug;
		};
		726C088B1978550100704170 /* Release */ = {
			isa = XCBuildConfiguration;
			buildSettings = {
				BUNDLE_LOADER = "$(BUILT_PRODUCTS_DIR)/Mobile Practise.app/Mobile Practise";
				FRAMEWORK_SEARCH_PATHS = (
					"$(SDKROOT)/Developer/Library/Frameworks",
					"$(inherited)",
					"$(DEVELOPER_FRAMEWORKS_DIR)",
				);
				GCC_PRECOMPILE_PREFIX_HEADER = YES;
				GCC_PREFIX_HEADER = "Mobile Practise/Mobile Practise-Prefix.pch";
				INFOPLIST_FILE = "Mobile PractiseTests/Mobile PractiseTests-Info.plist";
				PRODUCT_NAME = "$(TARGET_NAME)";
				TEST_HOST = "$(BUNDLE_LOADER)";
				WRAPPER_EXTENSION = xctest;
			};
			name = Release;
		};
/* End XCBuildConfiguration section */

/* Begin XCConfigurationList section */
		726C084F1978550100704170 /* Build configuration list for PBXProject "Mobile Practise" */ = {
			isa = XCConfigurationList;
			buildConfigurations = (
				726C08841978550100704170 /* Debug */,
				726C08851978550100704170 /* Release */,
			);
			defaultConfigurationIsVisible = 0;
			defaultConfigurationName = Release;
		};
		726C08861978550100704170 /* Build configuration list for PBXNativeTarget "Mobile Practise" */ = {
			isa = XCConfigurationList;
			buildConfigurations = (
				726C08871978550100704170 /* Debug */,
				726C08881978550100704170 /* Release */,
			);
			defaultConfigurationIsVisible = 0;
			defaultConfigurationName = Release;
		};
		726C08891978550100704170 /* Build configuration list for PBXNativeTarget "Mobile PractiseTests" */ = {
			isa = XCConfigurationList;
			buildConfigurations = (
				726C088A1978550100704170 /* Debug */,
				726C088B1978550100704170 /* Release */,
			);
			defaultConfigurationIsVisible = 0;
			defaultConfigurationName = Release;
		};
/* End XCConfigurationList section */
	};
	rootObject = 726C084C1978550100704170 /* Project object */;
}
