// !$*UTF8*$!
{
	archiveVersion = 1;
	classes = {
	};
	objectVersion = 46;
	objects = {

/* Begin PBXBuildFile section */
		726C08A9197ED60C00704170 /* Foundation.framework in Frameworks */ = {isa = PBXBuildFile; fileRef = 726C08A8197ED60C00704170 /* Foundation.framework */; };
		726C08AB197ED60C00704170 /* CoreGraphics.framework in Frameworks */ = {isa = PBXBuildFile; fileRef = 726C08AA197ED60C00704170 /* CoreGraphics.framework */; };
		726C08AD197ED60C00704170 /* UIKit.framework in Frameworks */ = {isa = PBXBuildFile; fileRef = 726C08AC197ED60C00704170 /* UIKit.framework */; };
		726C08B3197ED60C00704170 /* InfoPlist.strings in Resources */ = {isa = PBXBuildFile; fileRef = 726C08B1197ED60C00704170 /* InfoPlist.strings */; };
		726C08B5197ED60C00704170 /* main.m in Sources */ = {isa = PBXBuildFile; fileRef = 726C08B4197ED60C00704170 /* main.m */; };
		726C08B9197ED60C00704170 /* MNBAppDelegate.m in Sources */ = {isa = PBXBuildFile; fileRef = 726C08B8197ED60C00704170 /* MNBAppDelegate.m */; };
		726C08BB197ED60C00704170 /* Images.xcassets in Resources */ = {isa = PBXBuildFile; fileRef = 726C08BA197ED60C00704170 /* Images.xcassets */; };
		726C08C2197ED60C00704170 /* XCTest.framework in Frameworks */ = {isa = PBXBuildFile; fileRef = 726C08C1197ED60C00704170 /* XCTest.framework */; };
		726C08C3197ED60C00704170 /* Foundation.framework in Frameworks */ = {isa = PBXBuildFile; fileRef = 726C08A8197ED60C00704170 /* Foundation.framework */; };
		726C08C4197ED60C00704170 /* UIKit.framework in Frameworks */ = {isa = PBXBuildFile; fileRef = 726C08AC197ED60C00704170 /* UIKit.framework */; };
		726C08CC197ED60C00704170 /* InfoPlist.strings in Resources */ = {isa = PBXBuildFile; fileRef = 726C08CA197ED60C00704170 /* InfoPlist.strings */; };
		726C08CE197ED60C00704170 /* calculatorTests.m in Sources */ = {isa = PBXBuildFile; fileRef = 726C08CD197ED60C00704170 /* calculatorTests.m */; };
		726C08DA197ED71A00704170 /* MNBCalculator.m in Sources */ = {isa = PBXBuildFile; fileRef = 726C08D9197ED71A00704170 /* MNBCalculator.m */; };
		726C08DB197ED71A00704170 /* MNBCalculator.m in Sources */ = {isa = PBXBuildFile; fileRef = 726C08D9197ED71A00704170 /* MNBCalculator.m */; };
		729A49BB197EE83A00983BA9 /* calculatorTests-Info.plist in Resources */ = {isa = PBXBuildFile; fileRef = 729A49BA197EE83A00983BA9 /* calculatorTests-Info.plist */; };
/* End PBXBuildFile section */

/* Begin PBXContainerItemProxy section */
		726C08C5197ED60C00704170 /* PBXContainerItemProxy */ = {
			isa = PBXContainerItemProxy;
			containerPortal = 726C089D197ED60C00704170 /* Project object */;
			proxyType = 1;
			remoteGlobalIDString = 726C08A4197ED60C00704170;
			remoteInfo = calculator;
		};
/* End PBXContainerItemProxy section */

/* Begin PBXFileReference section */
		726C08A5197ED60C00704170 /* calculator.app */ = {isa = PBXFileReference; explicitFileType = wrapper.application; includeInIndex = 0; path = calculator.app; sourceTree = BUILT_PRODUCTS_DIR; };
		726C08A8197ED60C00704170 /* Foundation.framework */ = {isa = PBXFileReference; lastKnownFileType = wrapper.framework; name = Foundation.framework; path = System/Library/Frameworks/Foundation.framework; sourceTree = SDKROOT; };
		726C08AA197ED60C00704170 /* CoreGraphics.framework */ = {isa = PBXFileReference; lastKnownFileType = wrapper.framework; name = CoreGraphics.framework; path = System/Library/Frameworks/CoreGraphics.framework; sourceTree = SDKROOT; };
		726C08AC197ED60C00704170 /* UIKit.framework */ = {isa = PBXFileReference; lastKnownFileType = wrapper.framework; name = UIKit.framework; path = System/Library/Frameworks/UIKit.framework; sourceTree = SDKROOT; };
		726C08B0197ED60C00704170 /* calculator-Info.plist */ = {isa = PBXFileReference; lastKnownFileType = text.plist.xml; path = "calculator-Info.plist"; sourceTree = "<group>"; };
		726C08B2197ED60C00704170 /* en */ = {isa = PBXFileReference; lastKnownFileType = text.plist.strings; name = en; path = en.lproj/InfoPlist.strings; sourceTree = "<group>"; };
		726C08B4197ED60C00704170 /* main.m */ = {isa = PBXFileReference; lastKnownFileType = sourcecode.c.objc; path = main.m; sourceTree = "<group>"; };
		726C08B6197ED60C00704170 /* calculator-Prefix.pch */ = {isa = PBXFileReference; lastKnownFileType = sourcecode.c.h; path = "calculator-Prefix.pch"; sourceTree = "<group>"; };
		726C08B7197ED60C00704170 /* MNBAppDelegate.h */ = {isa = PBXFileReference; lastKnownFileType = sourcecode.c.h; path = MNBAppDelegate.h; sourceTree = "<group>"; };
		726C08B8197ED60C00704170 /* MNBAppDelegate.m */ = {isa = PBXFileReference; lastKnownFileType = sourcecode.c.objc; path = MNBAppDelegate.m; sourceTree = "<group>"; };
		726C08BA197ED60C00704170 /* Images.xcassets */ = {isa = PBXFileReference; lastKnownFileType = folder.assetcatalog; path = Images.xcassets; sourceTree = "<group>"; };
		726C08C0197ED60C00704170 /* calculatorTests.xctest */ = {isa = PBXFileReference; explicitFileType = wrapper.cfbundle; includeInIndex = 0; path = calculatorTests.xctest; sourceTree = BUILT_PRODUCTS_DIR; };
		726C08C1197ED60C00704170 /* XCTest.framework */ = {isa = PBXFileReference; lastKnownFileType = wrapper.framework; name = XCTest.framework; path = Library/Frameworks/XCTest.framework; sourceTree = DEVELOPER_DIR; };
		726C08CB197ED60C00704170 /* en */ = {isa = PBXFileReference; lastKnownFileType = text.plist.strings; name = en; path = en.lproj/InfoPlist.strings; sourceTree = "<group>"; };
		726C08CD197ED60C00704170 /* calculatorTests.m */ = {isa = PBXFileReference; lastKnownFileType = sourcecode.c.objc; path = calculatorTests.m; sourceTree = "<group>"; };
		726C08D8197ED71A00704170 /* MNBCalculator.h */ = {isa = PBXFileReference; fileEncoding = 4; lastKnownFileType = sourcecode.c.h; path = MNBCalculator.h; sourceTree = "<group>"; };
		726C08D9197ED71A00704170 /* MNBCalculator.m */ = {isa = PBXFileReference; fileEncoding = 4; lastKnownFileType = sourcecode.c.objc; path = MNBCalculator.m; sourceTree = "<group>"; };
		729A49BA197EE83A00983BA9 /* calculatorTests-Info.plist */ = {isa = PBXFileReference; fileEncoding = 4; lastKnownFileType = text.plist.xml; path = "calculatorTests-Info.plist"; sourceTree = "<group>"; };
/* End PBXFileReference section */

/* Begin PBXFrameworksBuildPhase section */
		726C08A2197ED60C00704170 /* Frameworks */ = {
			isa = PBXFrameworksBuildPhase;
			buildActionMask = 2147483647;
			files = (
				726C08AB197ED60C00704170 /* CoreGraphics.framework in Frameworks */,
				726C08AD197ED60C00704170 /* UIKit.framework in Frameworks */,
				726C08A9197ED60C00704170 /* Foundation.framework in Frameworks */,
			);
			runOnlyForDeploymentPostprocessing = 0;
		};
		726C08BD197ED60C00704170 /* Frameworks */ = {
			isa = PBXFrameworksBuildPhase;
			buildActionMask = 2147483647;
			files = (
				726C08C2197ED60C00704170 /* XCTest.framework in Frameworks */,
				726C08C4197ED60C00704170 /* UIKit.framework in Frameworks */,
				726C08C3197ED60C00704170 /* Foundation.framework in Frameworks */,
			);
			runOnlyForDeploymentPostprocessing = 0;
		};
/* End PBXFrameworksBuildPhase section */

/* Begin PBXGroup section */
		726C089C197ED60C00704170 = {
			isa = PBXGroup;
			children = (
				726C08AE197ED60C00704170 /* calculator-app */,
				726C08C7197ED60C00704170 /* calculatorTests */,
				726C08A7197ED60C00704170 /* Frameworks */,
				726C08A6197ED60C00704170 /* Products */,
			);
			sourceTree = "<group>";
		};
		726C08A6197ED60C00704170 /* Products */ = {
			isa = PBXGroup;
			children = (
				726C08A5197ED60C00704170 /* calculator.app */,
				726C08C0197ED60C00704170 /* calculatorTests.xctest */,
			);
			name = Products;
			sourceTree = "<group>";
		};
		726C08A7197ED60C00704170 /* Frameworks */ = {
			isa = PBXGroup;
			children = (
				726C08A8197ED60C00704170 /* Foundation.framework */,
				726C08AA197ED60C00704170 /* CoreGraphics.framework */,
				726C08AC197ED60C00704170 /* UIKit.framework */,
				726C08C1197ED60C00704170 /* XCTest.framework */,
			);
			name = Frameworks;
			sourceTree = "<group>";
		};
		726C08AE197ED60C00704170 /* calculator-app */ = {
			isa = PBXGroup;
			children = (
				726C08D7197ED6D300704170 /* Controllers */,
				726C08B7197ED60C00704170 /* MNBAppDelegate.h */,
				726C08B8197ED60C00704170 /* MNBAppDelegate.m */,
				726C08BA197ED60C00704170 /* Images.xcassets */,
				726C08AF197ED60C00704170 /* Supporting Files */,
			);
			name = "calculator-app";
			path = calculator;
			sourceTree = "<group>";
		};
		726C08AF197ED60C00704170 /* Supporting Files */ = {
			isa = PBXGroup;
			children = (
				726C08B0197ED60C00704170 /* calculator-Info.plist */,
				726C08B1197ED60C00704170 /* InfoPlist.strings */,
				726C08B4197ED60C00704170 /* main.m */,
				726C08B6197ED60C00704170 /* calculator-Prefix.pch */,
			);
			name = "Supporting Files";
			sourceTree = "<group>";
		};
		726C08C7197ED60C00704170 /* calculatorTests */ = {
			isa = PBXGroup;
			children = (
				726C08CD197ED60C00704170 /* calculatorTests.m */,
				726C08C8197ED60C00704170 /* Supporting Files */,
			);
			path = calculatorTests;
			sourceTree = "<group>";
		};
		726C08C8197ED60C00704170 /* Supporting Files */ = {
			isa = PBXGroup;
			children = (
				729A49BA197EE83A00983BA9 /* calculatorTests-Info.plist */,
				726C08CA197ED60C00704170 /* InfoPlist.strings */,
			);
			name = "Supporting Files";
			sourceTree = "<group>";
		};
		726C08D7197ED6D300704170 /* Controllers */ = {
			isa = PBXGroup;
			children = (
				726C08D8197ED71A00704170 /* MNBCalculator.h */,
				726C08D9197ED71A00704170 /* MNBCalculator.m */,
			);
			name = Controllers;
			sourceTree = "<group>";
		};
/* End PBXGroup section */

/* Begin PBXNativeTarget section */
		726C08A4197ED60C00704170 /* calculator */ = {
			isa = PBXNativeTarget;
			buildConfigurationList = 726C08D1197ED60C00704170 /* Build configuration list for PBXNativeTarget "calculator" */;
			buildPhases = (
				726C08A1197ED60C00704170 /* Sources */,
				726C08A2197ED60C00704170 /* Frameworks */,
				726C08A3197ED60C00704170 /* Resources */,
			);
			buildRules = (
			);
			dependencies = (
			);
			name = calculator;
			productName = calculator;
			productReference = 726C08A5197ED60C00704170 /* calculator.app */;
			productType = "com.apple.product-type.application";
		};
		726C08BF197ED60C00704170 /* calculatorTests */ = {
			isa = PBXNativeTarget;
			buildConfigurationList = 726C08D4197ED60C00704170 /* Build configuration list for PBXNativeTarget "calculatorTests" */;
			buildPhases = (
				726C08BC197ED60C00704170 /* Sources */,
				726C08BD197ED60C00704170 /* Frameworks */,
				726C08BE197ED60C00704170 /* Resources */,
			);
			buildRules = (
			);
			dependencies = (
				726C08C6197ED60C00704170 /* PBXTargetDependency */,
			);
			name = calculatorTests;
			productName = calculatorTests;
			productReference = 726C08C0197ED60C00704170 /* calculatorTests.xctest */;
			productType = "com.apple.product-type.bundle.unit-test";
		};
/* End PBXNativeTarget section */

/* Begin PBXProject section */
		726C089D197ED60C00704170 /* Project object */ = {
			isa = PBXProject;
			attributes = {
				LastUpgradeCheck = 0510;
				ORGANIZATIONNAME = "Marcelo Busico";
				TargetAttributes = {
					726C08BF197ED60C00704170 = {
						TestTargetID = 726C08A4197ED60C00704170;
					};
				};
			};
			buildConfigurationList = 726C08A0197ED60C00704170 /* Build configuration list for PBXProject "calculator" */;
			compatibilityVersion = "Xcode 3.2";
			developmentRegion = English;
			hasScannedForEncodings = 0;
			knownRegions = (
				en,
			);
			mainGroup = 726C089C197ED60C00704170;
			productRefGroup = 726C08A6197ED60C00704170 /* Products */;
			projectDirPath = "";
			projectRoot = "";
			targets = (
				726C08A4197ED60C00704170 /* calculator */,
				726C08BF197ED60C00704170 /* calculatorTests */,
			);
		};
/* End PBXProject section */

/* Begin PBXResourcesBuildPhase section */
		726C08A3197ED60C00704170 /* Resources */ = {
			isa = PBXResourcesBuildPhase;
			buildActionMask = 2147483647;
			files = (
				726C08B3197ED60C00704170 /* InfoPlist.strings in Resources */,
				729A49BB197EE83A00983BA9 /* calculatorTests-Info.plist in Resources */,
				726C08BB197ED60C00704170 /* Images.xcassets in Resources */,
			);
			runOnlyForDeploymentPostprocessing = 0;
		};
		726C08BE197ED60C00704170 /* Resources */ = {
			isa = PBXResourcesBuildPhase;
			buildActionMask = 2147483647;
			files = (
				726C08CC197ED60C00704170 /* InfoPlist.strings in Resources */,
			);
			runOnlyForDeploymentPostprocessing = 0;
		};
/* End PBXResourcesBuildPhase section */

/* Begin PBXSourcesBuildPhase section */
		726C08A1197ED60C00704170 /* Sources */ = {
			isa = PBXSourcesBuildPhase;
			buildActionMask = 2147483647;
			files = (
				726C08DA197ED71A00704170 /* MNBCalculator.m in Sources */,
				726C08B9197ED60C00704170 /* MNBAppDelegate.m in Sources */,
				726C08B5197ED60C00704170 /* main.m in Sources */,
			);
			runOnlyForDeploymentPostprocessing = 0;
		};
		726C08BC197ED60C00704170 /* Sources */ = {
			isa = PBXSourcesBuildPhase;
			buildActionMask = 2147483647;
			files = (
				726C08CE197ED60C00704170 /* calculatorTests.m in Sources */,
				726C08DB197ED71A00704170 /* MNBCalculator.m in Sources */,
			);
			runOnlyForDeploymentPostprocessing = 0;
		};
/* End PBXSourcesBuildPhase section */

/* Begin PBXTargetDependency section */
		726C08C6197ED60C00704170 /* PBXTargetDependency */ = {
			isa = PBXTargetDependency;
			target = 726C08A4197ED60C00704170 /* calculator */;
			targetProxy = 726C08C5197ED60C00704170 /* PBXContainerItemProxy */;
		};
/* End PBXTargetDependency section */

/* Begin PBXVariantGroup section */
		726C08B1197ED60C00704170 /* InfoPlist.strings */ = {
			isa = PBXVariantGroup;
			children = (
				726C08B2197ED60C00704170 /* en */,
			);
			name = InfoPlist.strings;
			sourceTree = "<group>";
		};
		726C08CA197ED60C00704170 /* InfoPlist.strings */ = {
			isa = PBXVariantGroup;
			children = (
				726C08CB197ED60C00704170 /* en */,
			);
			name = InfoPlist.strings;
			sourceTree = "<group>";
		};
/* End PBXVariantGroup section */

/* Begin XCBuildConfiguration section */
		726C08CF197ED60C00704170 /* Debug */ = {
			isa = XCBuildConfiguration;
			buildSettings = {
				ALWAYS_SEARCH_USER_PATHS = NO;
				CLANG_CXX_LANGUAGE_STANDARD = "gnu++0x";
				CLANG_CXX_LIBRARY = "libc++";
				CLANG_ENABLE_MODULES = YES;
				CLANG_ENABLE_OBJC_ARC = YES;
				CLANG_WARN_BOOL_CONVERSION = YES;
				CLANG_WARN_CONSTANT_CONVERSION = YES;
				CLANG_WARN_DIRECT_OBJC_ISA_USAGE = YES_ERROR;
				CLANG_WARN_EMPTY_BODY = YES;
				CLANG_WARN_ENUM_CONVERSION = YES;
				CLANG_WARN_INT_CONVERSION = YES;
				CLANG_WARN_OBJC_ROOT_CLASS = YES_ERROR;
				CLANG_WARN__DUPLICATE_METHOD_MATCH = YES;
				"CODE_SIGN_IDENTITY[sdk=iphoneos*]" = "iPhone Developer";
				COPY_PHASE_STRIP = NO;
				GCC_C_LANGUAGE_STANDARD = gnu99;
				GCC_DYNAMIC_NO_PIC = NO;
				GCC_OPTIMIZATION_LEVEL = 0;
				GCC_PREPROCESSOR_DEFINITIONS = (
					"DEBUG=1",
					"$(inherited)",
				);
				GCC_SYMBOLS_PRIVATE_EXTERN = NO;
				GCC_WARN_64_TO_32_BIT_CONVERSION = YES;
				GCC_WARN_ABOUT_RETURN_TYPE = YES_ERROR;
				GCC_WARN_UNDECLARED_SELECTOR = YES;
				GCC_WARN_UNINITIALIZED_AUTOS = YES_AGGRESSIVE;
				GCC_WARN_UNUSED_FUNCTION = YES;
				GCC_WARN_UNUSED_VARIABLE = YES;
				IPHONEOS_DEPLOYMENT_TARGET = 7.1;
				ONLY_ACTIVE_ARCH = YES;
				SDKROOT = iphoneos;
			};
			name = Debug;
		};
		726C08D0197ED60C00704170 /* Release */ = {
			isa = XCBuildConfiguration;
			buildSettings = {
				ALWAYS_SEARCH_USER_PATHS = NO;
				CLANG_CXX_LANGUAGE_STANDARD = "gnu++0x";
				CLANG_CXX_LIBRARY = "libc++";
				CLANG_ENABLE_MODULES = YES;
				CLANG_ENABLE_OBJC_ARC = YES;
				CLANG_WARN_BOOL_CONVERSION = YES;
				CLANG_WARN_CONSTANT_CONVERSION = YES;
				CLANG_WARN_DIRECT_OBJC_ISA_USAGE = YES_ERROR;
				CLANG_WARN_EMPTY_BODY = YES;
				CLANG_WARN_ENUM_CONVERSION = YES;
				CLANG_WARN_INT_CONVERSION = YES;
				CLANG_WARN_OBJC_ROOT_CLASS = YES_ERROR;
				CLANG_WARN__DUPLICATE_METHOD_MATCH = YES;
				"CODE_SIGN_IDENTITY[sdk=iphoneos*]" = "iPhone Developer";
				COPY_PHASE_STRIP = YES;
				ENABLE_NS_ASSERTIONS = NO;
				GCC_C_LANGUAGE_STANDARD = gnu99;
				GCC_WARN_64_TO_32_BIT_CONVERSION = YES;
				GCC_WARN_ABOUT_RETURN_TYPE = YES_ERROR;
				GCC_WARN_UNDECLARED_SELECTOR = YES;
				GCC_WARN_UNINITIALIZED_AUTOS = YES_AGGRESSIVE;
				GCC_WARN_UNUSED_FUNCTION = YES;
				GCC_WARN_UNUSED_VARIABLE = YES;
				IPHONEOS_DEPLOYMENT_TARGET = 7.1;
				SDKROOT = iphoneos;
				VALIDATE_PRODUCT = YES;
			};
			name = Release;
		};
		726C08D2197ED60C00704170 /* Debug */ = {
			isa = XCBuildConfiguration;
			buildSettings = {
				ASSETCATALOG_COMPILER_APPICON_NAME = AppIcon;
				ASSETCATALOG_COMPILER_LAUNCHIMAGE_NAME = LaunchImage;
				GCC_PRECOMPILE_PREFIX_HEADER = YES;
				GCC_PREFIX_HEADER = "calculator/calculator-Prefix.pch";
				INFOPLIST_FILE = "calculator/calculator-Info.plist";
				PRODUCT_NAME = calculator;
				WRAPPER_EXTENSION = app;
			};
			name = Debug;
		};
		726C08D3197ED60C00704170 /* Release */ = {
			isa = XCBuildConfiguration;
			buildSettings = {
				ASSETCATALOG_COMPILER_APPICON_NAME = AppIcon;
				ASSETCATALOG_COMPILER_LAUNCHIMAGE_NAME = LaunchImage;
				GCC_PRECOMPILE_PREFIX_HEADER = YES;
				GCC_PREFIX_HEADER = "calculator/calculator-Prefix.pch";
				INFOPLIST_FILE = "calculator/calculator-Info.plist";
				PRODUCT_NAME = calculator;
				WRAPPER_EXTENSION = app;
			};
			name = Release;
		};
		726C08D5197ED60C00704170 /* Debug */ = {
			isa = XCBuildConfiguration;
			buildSettings = {
				BUNDLE_LOADER = "$(BUILT_PRODUCTS_DIR)/calculator.app/calculator";
				FRAMEWORK_SEARCH_PATHS = (
					"$(SDKROOT)/Developer/Library/Frameworks",
					"$(inherited)",
					"$(DEVELOPER_FRAMEWORKS_DIR)",
				);
				GCC_PRECOMPILE_PREFIX_HEADER = YES;
				GCC_PREFIX_HEADER = "calculator/calculator-Prefix.pch";
				GCC_PREPROCESSOR_DEFINITIONS = (
					"DEBUG=1",
					"$(inherited)",
				);
				INFOPLIST_FILE = "calculatorTests/calculatorTests-Info.plist";
				PRODUCT_NAME = calculatorTests;
				TEST_HOST = "$(BUNDLE_LOADER)";
				WRAPPER_EXTENSION = xctest;
			};
			name = Debug;
		};
		726C08D6197ED60C00704170 /* Release */ = {
			isa = XCBuildConfiguration;
			buildSettings = {
				BUNDLE_LOADER = "$(BUILT_PRODUCTS_DIR)/calculator.app/calculator";
				FRAMEWORK_SEARCH_PATHS = (
					"$(SDKROOT)/Developer/Library/Frameworks",
					"$(inherited)",
					"$(DEVELOPER_FRAMEWORKS_DIR)",
				);
				GCC_PRECOMPILE_PREFIX_HEADER = YES;
				GCC_PREFIX_HEADER = "calculator/calculator-Prefix.pch";
				INFOPLIST_FILE = "calculatorTests/calculatorTests-Info.plist";
				PRODUCT_NAME = calculatorTests;
				TEST_HOST = "$(BUNDLE_LOADER)";
				WRAPPER_EXTENSION = xctest;
			};
			name = Release;
		};
/* End XCBuildConfiguration section */

/* Begin XCConfigurationList section */
		726C08A0197ED60C00704170 /* Build configuration list for PBXProject "calculator" */ = {
			isa = XCConfigurationList;
			buildConfigurations = (
				726C08CF197ED60C00704170 /* Debug */,
				726C08D0197ED60C00704170 /* Release */,
			);
			defaultConfigurationIsVisible = 0;
			defaultConfigurationName = Release;
		};
		726C08D1197ED60C00704170 /* Build configuration list for PBXNativeTarget "calculator" */ = {
			isa = XCConfigurationList;
			buildConfigurations = (
				726C08D2197ED60C00704170 /* Debug */,
				726C08D3197ED60C00704170 /* Release */,
			);
			defaultConfigurationIsVisible = 0;
			defaultConfigurationName = Release;
		};
		726C08D4197ED60C00704170 /* Build configuration list for PBXNativeTarget "calculatorTests" */ = {
			isa = XCConfigurationList;
			buildConfigurations = (
				726C08D5197ED60C00704170 /* Debug */,
				726C08D6197ED60C00704170 /* Release */,
			);
			defaultConfigurationIsVisible = 0;
			defaultConfigurationName = Release;
		};
/* End XCConfigurationList section */
	};
	rootObject = 726C089D197ED60C00704170 /* Project object */;
}
